codeberg.org/uhppoted/uhppoted-core v0.9.1-0.20260826154903-9a53ea34a863 h1:lC5rR11iLWuLmoiQD2BeUs2W59EDf+rM+umOH3OGZi4=
codeberg.org/uhppoted/uhppoted-core v0.9.1-0.20260826154903-9a53ea34a863/go.mod h1:MoeCM7GWMq72F2tUs6/lBt9tlnBoOsMFT6effpitLRs=
codeberg.org/uhppoted/uhppoted-lib v0.9.1-0.20260827174907-3d62aaf73de5 h1:IjLruSVdKWdHn6yrBgbHEgBQcdqNGYrDibs3d2b2bHY=
codeberg.org/uhppoted/uhppoted-lib v0.9.1-0.20260827174907-3d62aaf73de5/go.mod h1:r8KVWWXlqh+CT17OG+wTF4jOIC0NbCHGdN6WxsVSv1k=
golang.org/x/sys v0.47.0 h1:o7XGOvZQCADBQQ4Y7VNq2dRWQR7JmOUW8Kxx4ZsNgWs=
golang.org/x/sys v0.47.0/go.mod h1:4GL1E5IUh+htKOUEOaiffhrAeqysfVGipDYzABqnCmw=
